
Microsoft Visual Studio Solution File, Format Version 12.00
# Visual Studio Version 16
VisualStudioVersion = 16.0.31424.327
MinimumVisualStudioVersion = 10.0.40219.1
Project("{9A19103F-16F7-4668-BE54-9A1E7A4F7556}") = "AuthService.API", "AuthService.API\AuthService.API.csproj", "{BA73AD1A-5C48-4D71-AA63-E7081872842F}"
EndProject
Project("{9A19103F-16F7-4668-BE54-9A1E7A4F7556}") = "AuthService.Data", "AuthService.Data\AuthService.Data.csproj", "{AFCC813E-94AE-4E41-9CE6-4ACB0C94FBF6}"
EndProject
Project("{9A19103F-16F7-4668-BE54-9A1E7A4F7556}") = "AuthService.API.Tests", "AuthService.API.Tests\AuthService.API.Tests.csproj", "{66B196EC-5B1B-404A-982D-181DA17B816C}"
EndProject
Global
	GlobalSection(SolutionConfigurationPlatforms) = preSolution
		Debug|Any CPU = Debug|Any CPU
		Release|Any CPU = Release|Any CPU
	EndGlobalSection
	GlobalSection(ProjectConfigurationPlatforms) = postSolution
		{BA73AD1A-5C48-4D71-AA63-E7081872842F}.Debug|Any CPU.ActiveCfg = Debug|Any CPU
		{BA73AD1A-5C48-4D71-AA63-E7081872842F}.Debug|Any CPU.Build.0 = Debug|Any CPU
		{BA73AD1A-5C48-4D71-AA63-E7081872842F}.Release|Any CPU.ActiveCfg = Release|Any CPU
		{BA73AD1A-5C48-4D71-AA63-E7081872842F}.Release|Any CPU.Build.0 = Release|Any CPU
		{AFCC813E-94AE-4E41-9CE6-4ACB0C94FBF6}.Debug|Any CPU.ActiveCfg = Debug|Any CPU
		{AFCC813E-94AE-4E41-9CE6-4ACB0C94FBF6}.Debug|Any CPU.Build.0 = Debug|Any CPU
		{AFCC813E-94AE-4E41-9CE6-4ACB0C94FBF6}.Release|Any CPU.ActiveCfg = Release|Any CPU
		{AFCC813E-94AE-4E41-9CE6-4ACB0C94FBF6}.Release|Any CPU.Build.0 = Release|Any CPU
		{66B196EC-5B1B-404A-982D-181DA17B816C}.Debug|Any CPU.ActiveCfg = Debug|Any CPU
		{66B196EC-5B1B-404A-982D-181DA17B816C}.Debug|Any CPU.Build.0 = Debug|Any CPU
		{66B196EC-5B1B-404A-982D-181DA17B816C}.Release|Any CPU.ActiveCfg = Release|Any CPU
		{66B196EC-5B1B-404A-982D-181DA17B816C}.Release|Any CPU.Build.0 = Release|Any CPU
	EndGlobalSection
	GlobalSection(SolutionProperties) = preSolution
		HideSolutionNode = FALSE
	EndGlobalSection
	GlobalSection(ExtensibilityGlobals) = postSolution
		SolutionGuid = {65EB6571-D043-445B-8989-0E24E1EFD4E6}
	EndGlobalSection
EndGlobal
